
Microsoft Visual Studio Solution File, Format Version 12.00
# Visual Studio Version 17
VisualStudioVersion = 17.0.31903.59
MinimumVisualStudioVersion = 10.0.40219.1
Project("{2150E333-8FDC-42A3-9474-1A3956D46DE8}") = "src", "src", "{827E0CD3-B72D-47B6-A68D-7590B98EB39B}"
EndProject
Project("{FAE04EC0-301F-11D3-BF4B-00C04F79EFBC}") = "DiplomacyOverview", "src\DiplomacyOverview\DiplomacyOverview.csproj", "{BD976B8E-3587-46E5-BCF7-6A55EFBB8612}"
EndProject
Project("{FAE04EC0-301F-11D3-BF4B-00C04F79EFBC}") = "DiplomacyOverview.Core", "src\DiplomacyOverview.Core\DiplomacyOverview.Core.csproj", "{9E434824-76D1-4B0D-AAC7-AF572F676A8F}"
EndProject
Project("{FAE04EC0-301F-11D3-BF4B-00C04F79EFBC}") = "DiplomacyOverview.Tests", "src\DiplomacyOverview.Tests\DiplomacyOverview.Tests.csproj", "{B569F2D9-9539-41C7-BCB3-5A02AB1F9709}"
EndProject
Global
	GlobalSection(SolutionConfigurationPlatforms) = preSolution
		Debug|Any CPU = Debug|Any CPU
		Debug|x64 = Debug|x64
		Debug|x86 = Debug|x86
		Release|Any CPU = Release|Any CPU
		Release|x64 = Release|x64
		Release|x86 = Release|x86
	EndGlobalSection
	GlobalSection(ProjectConfigurationPlatforms) = postSolution
		{BD976B8E-3587-46E5-BCF7-6A55EFBB8612}.Debug|Any CPU.ActiveCfg = Debug|x64
		{BD976B8E-3587-46E5-BCF7-6A55EFBB8612}.Debug|Any CPU.Build.0 = Debug|x64
		{BD976B8E-3587-46E5-BCF7-6A55EFBB8612}.Debug|x64.ActiveCfg = Debug|x64
		{BD976B8E-3587-46E5-BCF7-6A55EFBB8612}.Debug|x64.Build.0 = Debug|x64
		{BD976B8E-3587-46E5-BCF7-6A55EFBB8612}.Debug|x86.ActiveCfg = Debug|x64
		{BD976B8E-3587-46E5-BCF7-6A55EFBB8612}.Debug|x86.Build.0 = Debug|x64
		{BD976B8E-3587-46E5-BCF7-6A55EFBB8612}.Release|Any CPU.ActiveCfg = Release|x64
		{BD976B8E-3587-46E5-BCF7-6A55EFBB8612}.Release|Any CPU.Build.0 = Release|x64
		{BD976B8E-3587-46E5-BCF7-6A55EFBB8612}.Release|x64.ActiveCfg = Release|x64
		{BD976B8E-3587-46E5-BCF7-6A55EFBB8612}.Release|x64.Build.0 = Release|x64
		{BD976B8E-3587-46E5-BCF7-6A55EFBB8612}.Release|x86.ActiveCfg = Release|x64
		{BD976B8E-3587-46E5-BCF7-6A55EFBB8612}.Release|x86.Build.0 = Release|x64
		{9E434824-76D1-4B0D-AAC7-AF572F676A8F}.Debug|Any CPU.ActiveCfg = Debug|Any CPU
		{9E434824-76D1-4B0D-AAC7-AF572F676A8F}.Debug|Any CPU.Build.0 = Debug|Any CPU
		{9E434824-76D1-4B0D-AAC7-AF572F676A8F}.Debug|x64.ActiveCfg = Debug|Any CPU
		{9E434824-76D1-4B0D-AAC7-AF572F676A8F}.Debug|x64.Build.0 = Debug|Any CPU
		{9E434824-76D1-4B0D-AAC7-AF572F676A8F}.Debug|x86.ActiveCfg = Debug|Any CPU
		{9E434824-76D1-4B0D-AAC7-AF572F676A8F}.Debug|x86.Build.0 = Debug|Any CPU
		{9E434824-76D1-4B0D-AAC7-AF572F676A8F}.Release|Any CPU.ActiveCfg = Release|Any CPU
		{9E434824-76D1-4B0D-AAC7-AF572F676A8F}.Release|Any CPU.Build.0 = Release|Any CPU
		{9E434824-76D1-4B0D-AAC7-AF572F676A8F}.Release|x64.ActiveCfg = Release|Any CPU
		{9E434824-76D1-4B0D-AAC7-AF572F676A8F}.Release|x64.Build.0 = Release|Any CPU
		{9E434824-76D1-4B0D-AAC7-AF572F676A8F}.Release|x86.ActiveCfg = Release|Any CPU
		{9E434824-76D1-4B0D-AAC7-AF572F676A8F}.Release|x86.Build.0 = Release|Any CPU
		{B569F2D9-9539-41C7-BCB3-5A02AB1F9709}.Debug|Any CPU.ActiveCfg = Debug|Any CPU
		{B569F2D9-9539-41C7-BCB3-5A02AB1F9709}.Debug|Any CPU.Build.0 = Debug|Any CPU
		{B569F2D9-9539-41C7-BCB3-5A02AB1F9709}.Debug|x64.ActiveCfg = Debug|Any CPU
		{B569F2D9-9539-41C7-BCB3-5A02AB1F9709}.Debug|x64.Build.0 = Debug|Any CPU
		{B569F2D9-9539-41C7-BCB3-5A02AB1F9709}.Debug|x86.ActiveCfg = Debug|Any CPU
		{B569F2D9-9539-41C7-BCB3-5A02AB1F9709}.Debug|x86.Build.0 = Debug|Any CPU
		{B569F2D9-9539-41C7-BCB3-5A02AB1F9709}.Release|Any CPU.ActiveCfg = Release|Any CPU
		{B569F2D9-9539-41C7-BCB3-5A02AB1F9709}.Release|Any CPU.Build.0 = Release|Any CPU
		{B569F2D9-9539-41C7-BCB3-5A02AB1F9709}.Release|x64.ActiveCfg = Release|Any CPU
		{B569F2D9-9539-41C7-BCB3-5A02AB1F9709}.Release|x64.Build.0 = Release|Any CPU
		{B569F2D9-9539-41C7-BCB3-5A02AB1F9709}.Release|x86.ActiveCfg = Release|Any CPU
		{B569F2D9-9539-41C7-BCB3-5A02AB1F9709}.Release|x86.Build.0 = Release|Any CPU
	EndGlobalSection
	GlobalSection(SolutionProperties) = preSolution
		HideSolutionNode = FALSE
	EndGlobalSection
	GlobalSection(NestedProjects) = preSolution
		{BD976B8E-3587-46E5-BCF7-6A55EFBB8612} = {827E0CD3-B72D-47B6-A68D-7590B98EB39B}
		{9E434824-76D1-4B0D-AAC7-AF572F676A8F} = {827E0CD3-B72D-47B6-A68D-7590B98EB39B}
		{B569F2D9-9539-41C7-BCB3-5A02AB1F9709} = {827E0CD3-B72D-47B6-A68D-7590B98EB39B}
	EndGlobalSection
EndGlobal
